Microsoft Visual Studio Solution File, Format Version 11.00
# Visual Studio 2008

Project("{1290B1D3-94DE-C7CE-B4F0-4269F7E5F479}") = "Shop Manager", "Assembly-CSharp.csproj", "{9308989A-A766-DB08-68F4-9B481EB28E87}"
EndProject
Global
	GlobalSection(SolutionConfigurationPlatforms) = preSolution
		Debug|Any CPU = Debug|Any CPU
		Release|Any CPU = Release|Any CPU
	EndGlobalSection
	GlobalSection(ProjectConfigurationPlatforms) = postSolution
		{9308989A-A766-DB08-68F4-9B481EB28E87}.Debug|Any CPU.ActiveCfg = Debug|Any CPU
		{9308989A-A766-DB08-68F4-9B481EB28E87}.Debug|Any CPU.Build.0 = Debug|Any CPU
		{9308989A-A766-DB08-68F4-9B481EB28E87}.Release|Any CPU.ActiveCfg = Release|Any CPU
		{9308989A-A766-DB08-68F4-9B481EB28E87}.Release|Any CPU.Build.0 = Release|Any CPU
	EndGlobalSection
	GlobalSection(SolutionProperties) = preSolution
		HideSolutionNode = FALSE
	EndGlobalSection
	GlobalSection(MonoDevelopProperties) = preSolution
		StartupItem = Assembly-CSharp.csproj
	EndGlobalSection
EndGlobal
